
Microsoft Visual Studio Solution File, Format Version 12.00
# Visual Studio Version 16
VisualStudioVersion = 16.0.30114.105
MinimumVisualStudioVersion = 10.0.40219.1
Project("{FAE04EC0-301F-11D3-BF4B-00C04F79EFBC}") = "API", "API\API.csproj", "{E2F982F2-8AE2-4BD6-88F6-4500FA890D9B}"
EndProject
Project("{FAE04EC0-301F-11D3-BF4B-00C04F79EFBC}") = "Core", "Core\Core.csproj", "{42EB48D8-781C-459D-91DD-96B5FD8CE7E9}"
EndProject
Project("{FAE04EC0-301F-11D3-BF4B-00C04F79EFBC}") = "Infrastructure", "Infrastructure\Infrastructure.csproj", "{E1FDA47B-BB1C-4AF6-A954-4148FD9575FE}"
EndProject
Global
	GlobalSection(SolutionConfigurationPlatforms) = preSolution
		Debug|Any CPU = Debug|Any CPU
		Release|Any CPU = Release|Any CPU
	EndGlobalSection
	GlobalSection(SolutionProperties) = preSolution
		HideSolutionNode = FALSE
	EndGlobalSection
	GlobalSection(ProjectConfigurationPlatforms) = postSolution
		{E2F982F2-8AE2-4BD6-88F6-4500FA890D9B}.Debug|Any CPU.ActiveCfg = Debug|Any CPU
		{E2F982F2-8AE2-4BD6-88F6-4500FA890D9B}.Debug|Any CPU.Build.0 = Debug|Any CPU
		{E2F982F2-8AE2-4BD6-88F6-4500FA890D9B}.Release|Any CPU.ActiveCfg = Release|Any CPU
		{E2F982F2-8AE2-4BD6-88F6-4500FA890D9B}.Release|Any CPU.Build.0 = Release|Any CPU
		{42EB48D8-781C-459D-91DD-96B5FD8CE7E9}.Debug|Any CPU.ActiveCfg = Debug|Any CPU
		{42EB48D8-781C-459D-91DD-96B5FD8CE7E9}.Debug|Any CPU.Build.0 = Debug|Any CPU
		{42EB48D8-781C-459D-91DD-96B5FD8CE7E9}.Release|Any CPU.ActiveCfg = Release|Any CPU
		{42EB48D8-781C-459D-91DD-96B5FD8CE7E9}.Release|Any CPU.Build.0 = Release|Any CPU
		{E1FDA47B-BB1C-4AF6-A954-4148FD9575FE}.Debug|Any CPU.ActiveCfg = Debug|Any CPU
		{E1FDA47B-BB1C-4AF6-A954-4148FD9575FE}.Debug|Any CPU.Build.0 = Debug|Any CPU
		{E1FDA47B-BB1C-4AF6-A954-4148FD9575FE}.Release|Any CPU.ActiveCfg = Release|Any CPU
		{E1FDA47B-BB1C-4AF6-A954-4148FD9575FE}.Release|Any CPU.Build.0 = Release|Any CPU
	EndGlobalSection
EndGlobal
